
Microsoft Visual Studio Solution File, Format Version 12.00
# Visual Studio 15
VisualStudioVersion = 15.0.27428.2043
MinimumVisualStudioVersion = 10.0.40219.1
Project("{FAE04EC0-301F-11D3-BF4B-00C04F79EFBC}") = "UnitTestSamples", "UnitTestSamples\UnitTestSamples.csproj", "{98C8975C-5DD1-47F8-B483-E041DBCCDD29}"
EndProject
Project("{FAE04EC0-301F-11D3-BF4B-00C04F79EFBC}") = "UnitTestSamples.Tests", "UnitTestSamples.Tests\UnitTestSamples.Tests.csproj", "{B2AFCC86-CBD6-4AAB-A1CA-779B2C88D1C1}"
EndProject
Global
	GlobalSection(SolutionConfigurationPlatforms) = preSolution
		Debug|Any CPU = Debug|Any CPU
		Release|Any CPU = Release|Any CPU
	EndGlobalSection
	GlobalSection(ProjectConfigurationPlatforms) = postSolution
		{98C8975C-5DD1-47F8-B483-E041DBCCDD29}.Debug|Any CPU.ActiveCfg = Debug|Any CPU
		{98C8975C-5DD1-47F8-B483-E041DBCCDD29}.Debug|Any CPU.Build.0 = Debug|Any CPU
		{98C8975C-5DD1-47F8-B483-E041DBCCDD29}.Release|Any CPU.ActiveCfg = Release|Any CPU
		{98C8975C-5DD1-47F8-B483-E041DBCCDD29}.Release|Any CPU.Build.0 = Release|Any CPU
		{B2AFCC86-CBD6-4AAB-A1CA-779B2C88D1C1}.Debug|Any CPU.ActiveCfg = Debug|Any CPU
		{B2AFCC86-CBD6-4AAB-A1CA-779B2C88D1C1}.Debug|Any CPU.Build.0 = Debug|Any CPU
		{B2AFCC86-CBD6-4AAB-A1CA-779B2C88D1C1}.Release|Any CPU.ActiveCfg = Release|Any CPU
		{B2AFCC86-CBD6-4AAB-A1CA-779B2C88D1C1}.Release|Any CPU.Build.0 = Release|Any CPU
	EndGlobalSection
	GlobalSection(SolutionProperties) = preSolution
		HideSolutionNode = FALSE
	EndGlobalSection
	GlobalSection(ExtensibilityGlobals) = postSolution
		SolutionGuid = {C4EBE713-EB17-4625-9E5E-FE668409CB6A}
	EndGlobalSection
EndGlobal
